
Microsoft Visual Studio Solution File, Format Version 12.00
# Visual Studio Version 17
VisualStudioVersion = 17.10.35027.167
MinimumVisualStudioVersion = 10.0.40219.1
Project("{FAE04EC0-301F-11D3-BF4B-00C04F79EFBC}") = "Grading-System-Backend", "Grading-System-Backend.csproj", "{98935BF1-6B81-4279-A327-16438BCF6C2B}"
EndProject
Global
	GlobalSection(SolutionConfigurationPlatforms) = preSolution
		Debug|Any CPU = Debug|Any CPU
		Release|Any CPU = Release|Any CPU
	EndGlobalSection
	GlobalSection(ProjectConfigurationPlatforms) = postSolution
		{98935BF1-6B81-4279-A327-16438BCF6C2B}.Debug|Any CPU.ActiveCfg = Debug|Any CPU
		{98935BF1-6B81-4279-A327-16438BCF6C2B}.Debug|Any CPU.Build.0 = Debug|Any CPU
		{98935BF1-6B81-4279-A327-16438BCF6C2B}.Release|Any CPU.ActiveCfg = Release|Any CPU
		{98935BF1-6B81-4279-A327-16438BCF6C2B}.Release|Any CPU.Build.0 = Release|Any CPU
	EndGlobalSection
	GlobalSection(SolutionProperties) = preSolution
		HideSolutionNode = FALSE
	EndGlobalSection
	GlobalSection(ExtensibilityGlobals) = postSolution
		SolutionGuid = {E49177D3-4CCC-453C-B49B-FACAAC0B148D}
	EndGlobalSection
EndGlobal
